Microsoft Visual Studio Solution File, Format Version 12.00
# Visual Studio 15
VisualStudioVersion = 15.0.27004.2005
MinimumVisualStudioVersion = 10.0.40219.1
Project("{2150E333-8FDC-42A3-9474-1A3956D46DE8}") = "Testing", "Testing", "{DE9AADB3-7101-4B84-8C12-DF4F4B24FDF5}"
EndProject
Project("{2150E333-8FDC-42A3-9474-1A3956D46DE8}") = "Schema", "Schema", "{D2B2B055-4084-4D8A-85E3-FDB5747D19E0}"
EndProject
Project("{2150E333-8FDC-42A3-9474-1A3956D46DE8}") = "Microservices", "Microservices", "{45441478-B67E-4B5D-B379-C1BD895A951B}"
EndProject
Project("{2150E333-8FDC-42A3-9474-1A3956D46DE8}") = "Helpers", "Helpers", "{6A8C5AC8-A0A1-4EBB-BAC8-146004292C5A}"
EndProject
Project("{2150E333-8FDC-42A3-9474-1A3956D46DE8}") = "Web", "Web", "{64175312-C408-45E8-BC72-B3635998BBD2}"
EndProject
Project("{2150E333-8FDC-42A3-9474-1A3956D46DE8}") = "Cronjobs", "Cronjobs", "{B11E4883-A4E4-4399-89D3-FDD0D0EBBCD8}"
EndProject
Project("{9A19103F-16F7-4668-BE54-9A1E7A4F7556}") = "Artos.Jobs.FeaturedPhone", "Artos.Jobs.FeaturedPhone\Artos.Jobs.FeaturedPhone.csproj", "{16F467C0-C295-4569-86EC-9B53DD7F8462}"
EndProject
Project("{9A19103F-16F7-4668-BE54-9A1E7A4F7556}") = "Artos.Entities", "Artos.Entities\Artos.Entities.csproj", "{A832DC2F-118B-4C1F-B161-EB19ECEBC96F}"
EndProject
Project("{9A19103F-16F7-4668-BE54-9A1E7A4F7556}") = "Artos.Tools", "Artos.Tools\Artos.Tools.csproj", "{2E20C5AD-9D2C-42C4-8B09-5FBC54A3AEF7}"
EndProject
Project("{9A19103F-16F7-4668-BE54-9A1E7A4F7556}") = "Artos.Services.Auth", "Artos.Services.Auth\Artos.Services.Auth.csproj", "{76E89442-23A2-4808-AC75-BB46DC6FCB2C}"
EndProject
Project("{9A19103F-16F7-4668-BE54-9A1E7A4F7556}") = "Artos.Services.Data", "Artos.Services.Data\Artos.Services.Data.csproj", "{631973C3-7097-4EB8-BA97-773121837A8F}"
EndProject
Project("{9A19103F-16F7-4668-BE54-9A1E7A4F7556}") = "Artos.Services.Transaction", "Artos.Services.Transaction\Artos.Services.Transaction.csproj", "{6777146C-B4AF-409E-A7D4-58F80D1F57E9}"
EndProject
Project("{9A19103F-16F7-4668-BE54-9A1E7A4F7556}") = "TestWeb", "TestWeb\TestWeb.csproj", "{490D5740-3F85-4EE6-B66E-48DF7497BD1F}"
EndProject
Project("{9A19103F-16F7-4668-BE54-9A1E7A4F7556}") = "TestConsole", "TestConsole\TestConsole.csproj", "{66AABF58-A72F-4E98-B82E-51D4E4129009}"
EndProject
Project("{9A19103F-16F7-4668-BE54-9A1E7A4F7556}") = "Artos.Web.Management", "Artos.Web.Management\Artos.Web.Management.csproj", "{AE31F475-400D-47DE-9E1B-44B28584063E}"
EndProject
Project("{E53339B2-1760-4266-BCC7-CA923CBCF16C}") = "docker-compose", "docker-compose.dcproj", "{738A40B6-47A3-40BD-A21E-74D9132DDA6E}"
EndProject
Project("{2150E333-8FDC-42A3-9474-1A3956D46DE8}") = "Bus Workstation", "Bus Workstation", "{1E3D7580-6721-40A0-91D6-637E3EAAA903}"
EndProject
Project("{9A19103F-16F7-4668-BE54-9A1E7A4F7556}") = "Artos.Jobs.TransJakartaService", "Artos.Jobs.TransJakartaService\Artos.Jobs.TransJakartaService.csproj", "{30428AA8-1724-4961-84BF-5A9F5CF40D9A}"
EndProject
Project("{FAE04EC0-301F-11D3-BF4B-00C04F79EFBC}") = "Artos.Management", "..\Artos.Management\Artos.Management.csproj", "{17B9DEF0-331E-4939-A3A1-53019C3DBFA0}"
EndProject
Global
	GlobalSection(SolutionConfigurationPlatforms) = preSolution
		Debug|Any CPU = Debug|Any CPU
		Release|Any CPU = Release|Any CPU
	EndGlobalSection
	GlobalSection(ProjectConfigurationPlatforms) = postSolution
		{16F467C0-C295-4569-86EC-9B53DD7F8462}.Debug|Any CPU.ActiveCfg = Debug|Any CPU
		{16F467C0-C295-4569-86EC-9B53DD7F8462}.Debug|Any CPU.Build.0 = Debug|Any CPU
		{16F467C0-C295-4569-86EC-9B53DD7F8462}.Release|Any CPU.ActiveCfg = Release|Any CPU
		{16F467C0-C295-4569-86EC-9B53DD7F8462}.Release|Any CPU.Build.0 = Release|Any CPU
		{A832DC2F-118B-4C1F-B161-EB19ECEBC96F}.Debug|Any CPU.ActiveCfg = Debug|Any CPU
		{A832DC2F-118B-4C1F-B161-EB19ECEBC96F}.Debug|Any CPU.Build.0 = Debug|Any CPU
		{A832DC2F-118B-4C1F-B161-EB19ECEBC96F}.Release|Any CPU.ActiveCfg = Release|Any CPU
		{A832DC2F-118B-4C1F-B161-EB19ECEBC96F}.Release|Any CPU.Build.0 = Release|Any CPU
		{2E20C5AD-9D2C-42C4-8B09-5FBC54A3AEF7}.Debug|Any CPU.ActiveCfg = Debug|Any CPU
		{2E20C5AD-9D2C-42C4-8B09-5FBC54A3AEF7}.Debug|Any CPU.Build.0 = Debug|Any CPU
		{2E20C5AD-9D2C-42C4-8B09-5FBC54A3AEF7}.Release|Any CPU.ActiveCfg = Release|Any CPU
		{2E20C5AD-9D2C-42C4-8B09-5FBC54A3AEF7}.Release|Any CPU.Build.0 = Release|Any CPU
		{76E89442-23A2-4808-AC75-BB46DC6FCB2C}.Debug|Any CPU.ActiveCfg = Debug|Any CPU
		{76E89442-23A2-4808-AC75-BB46DC6FCB2C}.Debug|Any CPU.Build.0 = Debug|Any CPU
		{76E89442-23A2-4808-AC75-BB46DC6FCB2C}.Release|Any CPU.ActiveCfg = Release|Any CPU
		{76E89442-23A2-4808-AC75-BB46DC6FCB2C}.Release|Any CPU.Build.0 = Release|Any CPU
		{631973C3-7097-4EB8-BA97-773121837A8F}.Debug|Any CPU.ActiveCfg = Debug|Any CPU
		{631973C3-7097-4EB8-BA97-773121837A8F}.Debug|Any CPU.Build.0 = Debug|Any CPU
		{631973C3-7097-4EB8-BA97-773121837A8F}.Release|Any CPU.ActiveCfg = Release|Any CPU
		{631973C3-7097-4EB8-BA97-773121837A8F}.Release|Any CPU.Build.0 = Release|Any CPU
		{6777146C-B4AF-409E-A7D4-58F80D1F57E9}.Debug|Any CPU.ActiveCfg = Debug|Any CPU
		{6777146C-B4AF-409E-A7D4-58F80D1F57E9}.Debug|Any CPU.Build.0 = Debug|Any CPU
		{6777146C-B4AF-409E-A7D4-58F80D1F57E9}.Release|Any CPU.ActiveCfg = Release|Any CPU
		{6777146C-B4AF-409E-A7D4-58F80D1F57E9}.Release|Any CPU.Build.0 = Release|Any CPU
		{490D5740-3F85-4EE6-B66E-48DF7497BD1F}.Debug|Any CPU.ActiveCfg = Debug|Any CPU
		{490D5740-3F85-4EE6-B66E-48DF7497BD1F}.Debug|Any CPU.Build.0 = Debug|Any CPU
		{490D5740-3F85-4EE6-B66E-48DF7497BD1F}.Release|Any CPU.ActiveCfg = Release|Any CPU
		{490D5740-3F85-4EE6-B66E-48DF7497BD1F}.Release|Any CPU.Build.0 = Release|Any CPU
		{66AABF58-A72F-4E98-B82E-51D4E4129009}.Debug|Any CPU.ActiveCfg = Debug|Any CPU
		{66AABF58-A72F-4E98-B82E-51D4E4129009}.Debug|Any CPU.Build.0 = Debug|Any CPU
		{66AABF58-A72F-4E98-B82E-51D4E4129009}.Release|Any CPU.ActiveCfg = Release|Any CPU
		{66AABF58-A72F-4E98-B82E-51D4E4129009}.Release|Any CPU.Build.0 = Release|Any CPU
		{AE31F475-400D-47DE-9E1B-44B28584063E}.Debug|Any CPU.ActiveCfg = Debug|Any CPU
		{AE31F475-400D-47DE-9E1B-44B28584063E}.Debug|Any CPU.Build.0 = Debug|Any CPU
		{AE31F475-400D-47DE-9E1B-44B28584063E}.Release|Any CPU.ActiveCfg = Release|Any CPU
		{AE31F475-400D-47DE-9E1B-44B28584063E}.Release|Any CPU.Build.0 = Release|Any CPU
		{738A40B6-47A3-40BD-A21E-74D9132DDA6E}.Debug|Any CPU.ActiveCfg = Debug|Any CPU
		{738A40B6-47A3-40BD-A21E-74D9132DDA6E}.Debug|Any CPU.Build.0 = Debug|Any CPU
		{738A40B6-47A3-40BD-A21E-74D9132DDA6E}.Release|Any CPU.ActiveCfg = Release|Any CPU
		{738A40B6-47A3-40BD-A21E-74D9132DDA6E}.Release|Any CPU.Build.0 = Release|Any CPU
		{30428AA8-1724-4961-84BF-5A9F5CF40D9A}.Debug|Any CPU.ActiveCfg = Debug|Any CPU
		{30428AA8-1724-4961-84BF-5A9F5CF40D9A}.Debug|Any CPU.Build.0 = Debug|Any CPU
		{30428AA8-1724-4961-84BF-5A9F5CF40D9A}.Release|Any CPU.ActiveCfg = Release|Any CPU
		{30428AA8-1724-4961-84BF-5A9F5CF40D9A}.Release|Any CPU.Build.0 = Release|Any CPU
		{17B9DEF0-331E-4939-A3A1-53019C3DBFA0}.Debug|Any CPU.ActiveCfg = Debug|Any CPU
		{17B9DEF0-331E-4939-A3A1-53019C3DBFA0}.Debug|Any CPU.Build.0 = Debug|Any CPU
		{17B9DEF0-331E-4939-A3A1-53019C3DBFA0}.Release|Any CPU.ActiveCfg = Release|Any CPU
		{17B9DEF0-331E-4939-A3A1-53019C3DBFA0}.Release|Any CPU.Build.0 = Release|Any CPU
	EndGlobalSection
	GlobalSection(SolutionProperties) = preSolution
		HideSolutionNode = FALSE
	EndGlobalSection
	GlobalSection(NestedProjects) = preSolution
		{16F467C0-C295-4569-86EC-9B53DD7F8462} = {B11E4883-A4E4-4399-89D3-FDD0D0EBBCD8}
		{A832DC2F-118B-4C1F-B161-EB19ECEBC96F} = {D2B2B055-4084-4D8A-85E3-FDB5747D19E0}
		{2E20C5AD-9D2C-42C4-8B09-5FBC54A3AEF7} = {6A8C5AC8-A0A1-4EBB-BAC8-146004292C5A}
		{76E89442-23A2-4808-AC75-BB46DC6FCB2C} = {45441478-B67E-4B5D-B379-C1BD895A951B}
		{631973C3-7097-4EB8-BA97-773121837A8F} = {45441478-B67E-4B5D-B379-C1BD895A951B}
		{6777146C-B4AF-409E-A7D4-58F80D1F57E9} = {45441478-B67E-4B5D-B379-C1BD895A951B}
		{490D5740-3F85-4EE6-B66E-48DF7497BD1F} = {DE9AADB3-7101-4B84-8C12-DF4F4B24FDF5}
		{66AABF58-A72F-4E98-B82E-51D4E4129009} = {DE9AADB3-7101-4B84-8C12-DF4F4B24FDF5}
		{AE31F475-400D-47DE-9E1B-44B28584063E} = {64175312-C408-45E8-BC72-B3635998BBD2}
		{30428AA8-1724-4961-84BF-5A9F5CF40D9A} = {1E3D7580-6721-40A0-91D6-637E3EAAA903}
		{17B9DEF0-331E-4939-A3A1-53019C3DBFA0} = {64175312-C408-45E8-BC72-B3635998BBD2}
	EndGlobalSection
	GlobalSection(ExtensibilityGlobals) = postSolution
		SolutionGuid = {3F99D1D4-1287-46DB-8DB5-77600039516E}
	EndGlobalSection
EndGlobal
